
Microsoft Visual Studio Solution File, Format Version 12.00
# Visual Studio 15
VisualStudioVersion = 15.0.27130.2010
MinimumVisualStudioVersion = 10.0.40219.1
Project("{FAE04EC0-301F-11D3-BF4B-00C04F79EFBC}") = "SampleMinaDotNet", "SampleMinaDotNet\SampleMinaDotNet.csproj", "{AED9190B-6B72-49BE-A6B6-80E5DD6AE3F1}"
EndProject
Project("{FAE04EC0-301F-11D3-BF4B-00C04F79EFBC}") = "key preview", "KeyHook\key preview.csproj", "{8340F8A9-185E-48D4-B544-3809C10CBD62}"
EndProject
Global
	GlobalSection(SolutionConfigurationPlatforms) = preSolution
		Debug|Any CPU = Debug|Any CPU
		Release|Any CPU = Release|Any CPU
	EndGlobalSection
	GlobalSection(ProjectConfigurationPlatforms) = postSolution
		{AED9190B-6B72-49BE-A6B6-80E5DD6AE3F1}.Debug|Any CPU.ActiveCfg = Debug|Any CPU
		{AED9190B-6B72-49BE-A6B6-80E5DD6AE3F1}.Debug|Any CPU.Build.0 = Debug|Any CPU
		{AED9190B-6B72-49BE-A6B6-80E5DD6AE3F1}.Release|Any CPU.ActiveCfg = Release|Any CPU
		{AED9190B-6B72-49BE-A6B6-80E5DD6AE3F1}.Release|Any CPU.Build.0 = Release|Any CPU
		{8340F8A9-185E-48D4-B544-3809C10CBD62}.Debug|Any CPU.ActiveCfg = Debug|Any CPU
		{8340F8A9-185E-48D4-B544-3809C10CBD62}.Debug|Any CPU.Build.0 = Debug|Any CPU
		{8340F8A9-185E-48D4-B544-3809C10CBD62}.Release|Any CPU.ActiveCfg = Release|Any CPU
		{8340F8A9-185E-48D4-B544-3809C10CBD62}.Release|Any CPU.Build.0 = Release|Any CPU
	EndGlobalSection
	GlobalSection(SolutionProperties) = preSolution
		HideSolutionNode = FALSE
	EndGlobalSection
	GlobalSection(ExtensibilityGlobals) = postSolution
		SolutionGuid = {04170979-5D87-4687-9178-243488528CAD}
	EndGlobalSection
EndGlobal
